Microsoft Visual Studio Solution File, Format Version 12.00
# Visual Studio Version 17
VisualStudioVersion = 17.8.34511.84
MinimumVisualStudioVersion = 10.0.40219.1
Project("{FAE04EC0-301F-11D3-BF4B-00C04F79EFBC}") = "VistaMenu", "Control\VistaMenu.csproj", "{7C2CCE0A-A288-4869-A7B7-CC0D18AF3B8C}"
EndProject
Project("{FAE04EC0-301F-11D3-BF4B-00C04F79EFBC}") = "JumpList", "Demo\JumpList.csproj", "{3E475039-A9BC-4A0D-AE89-A23B35D83EEE}"
EndProject
Global
	GlobalSection(SolutionConfigurationPlatforms) = preSolution
		Debug|Any CPU = Debug|Any CPU
		Release|Any CPU = Release|Any CPU
	EndGlobalSection
	GlobalSection(ProjectConfigurationPlatforms) = postSolution
		{7C2CCE0A-A288-4869-A7B7-CC0D18AF3B8C}.Debug|Any CPU.ActiveCfg = Debug|Any CPU
		{7C2CCE0A-A288-4869-A7B7-CC0D18AF3B8C}.Debug|Any CPU.Build.0 = Debug|Any CPU
		{7C2CCE0A-A288-4869-A7B7-CC0D18AF3B8C}.Release|Any CPU.ActiveCfg = Release|Any CPU
		{7C2CCE0A-A288-4869-A7B7-CC0D18AF3B8C}.Release|Any CPU.Build.0 = Release|Any CPU
		{3E475039-A9BC-4A0D-AE89-A23B35D83EEE}.Debug|Any CPU.ActiveCfg = Debug|Any CPU
		{3E475039-A9BC-4A0D-AE89-A23B35D83EEE}.Debug|Any CPU.Build.0 = Debug|Any CPU
		{3E475039-A9BC-4A0D-AE89-A23B35D83EEE}.Release|Any CPU.ActiveCfg = Release|Any CPU
		{3E475039-A9BC-4A0D-AE89-A23B35D83EEE}.Release|Any CPU.Build.0 = Release|Any CPU
	EndGlobalSection
	GlobalSection(SolutionProperties) = preSolution
		HideSolutionNode = FALSE
	EndGlobalSection
	GlobalSection(ExtensibilityGlobals) = postSolution
		SolutionGuid = {C1706A30-92E0-47C5-BC49-8AF4D81EBB66}
	EndGlobalSection
EndGlobal
